
Microsoft Visual Studio Solution File, Format Version 12.00
Project("{2150E333-8FDC-42A3-9474-1A3956D46DE8}") = "src", "src", "{E9D668EA-7E71-425C-9AF0-63B59E1DE3D1}"
EndProject
Project("{FAE04EC0-301F-11D3-BF4B-00C04F79EFBC}") = "ProjectTextEditor", "ProjectTextEditor\ProjectTextEditor.csproj", "{CEEAB0D8-A3B4-4658-8E6D-ECC7CFE1578B}"
EndProject
Global
	GlobalSection(SolutionConfigurationPlatforms) = preSolution
		Debug|Any CPU = Debug|Any CPU
		Release|Any CPU = Release|Any CPU
	EndGlobalSection
	GlobalSection(NestedProjects) = preSolution
		{CEEAB0D8-A3B4-4658-8E6D-ECC7CFE1578B} = {E9D668EA-7E71-425C-9AF0-63B59E1DE3D1}
	EndGlobalSection
	GlobalSection(ProjectConfigurationPlatforms) = postSolution
		{CEEAB0D8-A3B4-4658-8E6D-ECC7CFE1578B}.Debug|Any CPU.ActiveCfg = Debug|Any CPU
		{CEEAB0D8-A3B4-4658-8E6D-ECC7CFE1578B}.Debug|Any CPU.Build.0 = Debug|Any CPU
		{CEEAB0D8-A3B4-4658-8E6D-ECC7CFE1578B}.Release|Any CPU.ActiveCfg = Release|Any CPU
		{CEEAB0D8-A3B4-4658-8E6D-ECC7CFE1578B}.Release|Any CPU.Build.0 = Release|Any CPU
	EndGlobalSection
EndGlobal
