
Microsoft Visual Studio Solution File, Format Version 12.00
Project("{2150E333-8FDC-42A3-9474-1A3956D46DE8}") = "src", "src", "{57A8024B-6F25-4DA1-AEA9-4AF9D1176DF9}"
EndProject
Project("{FAE04EC0-301F-11D3-BF4B-00C04F79EFBC}") = "MaiorEMenor", "MaiorEMenor\MaiorEMenor.csproj", "{279FA1DB-B197-4802-B408-BB28360C413A}"
EndProject
Global
	GlobalSection(SolutionConfigurationPlatforms) = preSolution
		Debug|Any CPU = Debug|Any CPU
		Release|Any CPU = Release|Any CPU
	EndGlobalSection
	GlobalSection(NestedProjects) = preSolution
		{279FA1DB-B197-4802-B408-BB28360C413A} = {57A8024B-6F25-4DA1-AEA9-4AF9D1176DF9}
	EndGlobalSection
	GlobalSection(ProjectConfigurationPlatforms) = postSolution
		{279FA1DB-B197-4802-B408-BB28360C413A}.Debug|Any CPU.ActiveCfg = Debug|Any CPU
		{279FA1DB-B197-4802-B408-BB28360C413A}.Debug|Any CPU.Build.0 = Debug|Any CPU
		{279FA1DB-B197-4802-B408-BB28360C413A}.Release|Any CPU.ActiveCfg = Release|Any CPU
		{279FA1DB-B197-4802-B408-BB28360C413A}.Release|Any CPU.Build.0 = Release|Any CPU
	EndGlobalSection
EndGlobal
