
Microsoft Visual Studio Solution File, Format Version 12.00
Project("{2150E333-8FDC-42A3-9474-1A3956D46DE8}") = "src", "src", "{1F6DE7B7-1EC4-499A-BADA-FB2AAF0B2466}"
EndProject
Project("{FAE04EC0-301F-11D3-BF4B-00C04F79EFBC}") = "Fibonacci", "Fibonacci\Fibonacci.csproj", "{56FAF665-E4C1-48D9-8896-234E87410189}"
EndProject
Global
	GlobalSection(SolutionConfigurationPlatforms) = preSolution
		Debug|Any CPU = Debug|Any CPU
		Release|Any CPU = Release|Any CPU
	EndGlobalSection
	GlobalSection(NestedProjects) = preSolution
		{56FAF665-E4C1-48D9-8896-234E87410189} = {1F6DE7B7-1EC4-499A-BADA-FB2AAF0B2466}
	EndGlobalSection
	GlobalSection(ProjectConfigurationPlatforms) = postSolution
		{56FAF665-E4C1-48D9-8896-234E87410189}.Debug|Any CPU.ActiveCfg = Debug|Any CPU
		{56FAF665-E4C1-48D9-8896-234E87410189}.Debug|Any CPU.Build.0 = Debug|Any CPU
		{56FAF665-E4C1-48D9-8896-234E87410189}.Release|Any CPU.ActiveCfg = Release|Any CPU
		{56FAF665-E4C1-48D9-8896-234E87410189}.Release|Any CPU.Build.0 = Release|Any CPU
	EndGlobalSection
EndGlobal
