
Microsoft Visual Studio Solution File, Format Version 12.00
Project("{2150E333-8FDC-42A3-9474-1A3956D46DE8}") = "src", "src", "{61189DA8-E3B8-4FC9-8F29-238EBD6E5CCF}"
EndProject
Project("{FAE04EC0-301F-11D3-BF4B-00C04F79EFBC}") = "Tabuleiro", "Tabuleiro\Tabuleiro.csproj", "{D890A58B-5FFA-412C-85F3-AA70B6292DCF}"
EndProject
Global
	GlobalSection(SolutionConfigurationPlatforms) = preSolution
		Debug|Any CPU = Debug|Any CPU
		Release|Any CPU = Release|Any CPU
	EndGlobalSection
	GlobalSection(NestedProjects) = preSolution
		{D890A58B-5FFA-412C-85F3-AA70B6292DCF} = {61189DA8-E3B8-4FC9-8F29-238EBD6E5CCF}
	EndGlobalSection
	GlobalSection(ProjectConfigurationPlatforms) = postSolution
		{D890A58B-5FFA-412C-85F3-AA70B6292DCF}.Debug|Any CPU.ActiveCfg = Debug|Any CPU
		{D890A58B-5FFA-412C-85F3-AA70B6292DCF}.Debug|Any CPU.Build.0 = Debug|Any CPU
		{D890A58B-5FFA-412C-85F3-AA70B6292DCF}.Release|Any CPU.ActiveCfg = Release|Any CPU
		{D890A58B-5FFA-412C-85F3-AA70B6292DCF}.Release|Any CPU.Build.0 = Release|Any CPU
	EndGlobalSection
EndGlobal
